
Microsoft Visual Studio Solution File, Format Version 12.00
# Visual Studio Version 17
VisualStudioVersion = 17.9.34518.117
MinimumVisualStudioVersion = 10.0.40219.1
Project("{2150E333-8FDC-42A3-9474-1A3956D46DE8}") = "src", "src", "{31DBDB7B-DFD9-44B9-B892-B79B576AAD25}"
EndProject
Project("{2150E333-8FDC-42A3-9474-1A3956D46DE8}") = "tests", "tests", "{0FA9AF59-892B-4B23-A63B-8C9DBDC175F5}"
EndProject
Project("{9A19103F-16F7-4668-BE54-9A1E7A4F7556}") = "Deploye.Application", "src\Deploye.Application\Deploye.Application.csproj", "{BFF9CC96-5D01-4B72-A952-738BE4D63F12}"
EndProject
Project("{9A19103F-16F7-4668-BE54-9A1E7A4F7556}") = "Deploye.Domain", "src\Deploye.Domain\Deploye.Domain.csproj", "{C8A70528-2858-4A7A-B08C-B42E9B9E2D15}"
EndProject
Project("{9A19103F-16F7-4668-BE54-9A1E7A4F7556}") = "Deploye.Infrastructure", "src\Deploye.Infrastructure\Deploye.Infrastructure.csproj", "{0762D145-A8C4-4986-9EF2-7594686651CE}"
EndProject
Project("{9A19103F-16F7-4668-BE54-9A1E7A4F7556}") = "Deploye.Application.UnitTests", "tests\Deploye.Application.UnitTests\Deploye.Application.UnitTests.csproj", "{807B02D7-D330-48ED-822B-90017D4B8B8C}"
EndProject
Project("{9A19103F-16F7-4668-BE54-9A1E7A4F7556}") = "Deploye.Web", "src\Deploye\Deploye.Web.csproj", "{8CAF1619-4249-424E-A1D1-763FCBF5DFE4}"
EndProject
Global
	GlobalSection(SolutionConfigurationPlatforms) = preSolution
		Debug|Any CPU = Debug|Any CPU
		Release|Any CPU = Release|Any CPU
	EndGlobalSection
	GlobalSection(ProjectConfigurationPlatforms) = postSolution
		{BFF9CC96-5D01-4B72-A952-738BE4D63F12}.Debug|Any CPU.ActiveCfg = Debug|Any CPU
		{BFF9CC96-5D01-4B72-A952-738BE4D63F12}.Debug|Any CPU.Build.0 = Debug|Any CPU
		{BFF9CC96-5D01-4B72-A952-738BE4D63F12}.Release|Any CPU.ActiveCfg = Release|Any CPU
		{BFF9CC96-5D01-4B72-A952-738BE4D63F12}.Release|Any CPU.Build.0 = Release|Any CPU
		{C8A70528-2858-4A7A-B08C-B42E9B9E2D15}.Debug|Any CPU.ActiveCfg = Debug|Any CPU
		{C8A70528-2858-4A7A-B08C-B42E9B9E2D15}.Debug|Any CPU.Build.0 = Debug|Any CPU
		{C8A70528-2858-4A7A-B08C-B42E9B9E2D15}.Release|Any CPU.ActiveCfg = Release|Any CPU
		{C8A70528-2858-4A7A-B08C-B42E9B9E2D15}.Release|Any CPU.Build.0 = Release|Any CPU
		{0762D145-A8C4-4986-9EF2-7594686651CE}.Debug|Any CPU.ActiveCfg = Debug|Any CPU
		{0762D145-A8C4-4986-9EF2-7594686651CE}.Debug|Any CPU.Build.0 = Debug|Any CPU
		{0762D145-A8C4-4986-9EF2-7594686651CE}.Release|Any CPU.ActiveCfg = Release|Any CPU
		{0762D145-A8C4-4986-9EF2-7594686651CE}.Release|Any CPU.Build.0 = Release|Any CPU
		{807B02D7-D330-48ED-822B-90017D4B8B8C}.Debug|Any CPU.ActiveCfg = Debug|Any CPU
		{807B02D7-D330-48ED-822B-90017D4B8B8C}.Debug|Any CPU.Build.0 = Debug|Any CPU
		{807B02D7-D330-48ED-822B-90017D4B8B8C}.Release|Any CPU.ActiveCfg = Release|Any CPU
		{807B02D7-D330-48ED-822B-90017D4B8B8C}.Release|Any CPU.Build.0 = Release|Any CPU
		{8CAF1619-4249-424E-A1D1-763FCBF5DFE4}.Debug|Any CPU.ActiveCfg = Debug|Any CPU
		{8CAF1619-4249-424E-A1D1-763FCBF5DFE4}.Debug|Any CPU.Build.0 = Debug|Any CPU
		{8CAF1619-4249-424E-A1D1-763FCBF5DFE4}.Release|Any CPU.ActiveCfg = Release|Any CPU
		{8CAF1619-4249-424E-A1D1-763FCBF5DFE4}.Release|Any CPU.Build.0 = Release|Any CPU
	EndGlobalSection
	GlobalSection(SolutionProperties) = preSolution
		HideSolutionNode = FALSE
	EndGlobalSection
	GlobalSection(NestedProjects) = preSolution
		{BFF9CC96-5D01-4B72-A952-738BE4D63F12} = {31DBDB7B-DFD9-44B9-B892-B79B576AAD25}
		{C8A70528-2858-4A7A-B08C-B42E9B9E2D15} = {31DBDB7B-DFD9-44B9-B892-B79B576AAD25}
		{0762D145-A8C4-4986-9EF2-7594686651CE} = {31DBDB7B-DFD9-44B9-B892-B79B576AAD25}
		{807B02D7-D330-48ED-822B-90017D4B8B8C} = {0FA9AF59-892B-4B23-A63B-8C9DBDC175F5}
		{8CAF1619-4249-424E-A1D1-763FCBF5DFE4} = {31DBDB7B-DFD9-44B9-B892-B79B576AAD25}
	EndGlobalSection
	GlobalSection(ExtensibilityGlobals) = postSolution
		SolutionGuid = {8167B4E9-147B-4BA6-A9A3-A7DC82D4879B}
	EndGlobalSection
EndGlobal
